// !$*UTF8*$!
{
	archiveVersion = 1;
	classes = {
	};
	objectVersion = 56;
	objects = {

/* Begin PBXBuildFile section */
		C82BB7AD28E410F500CE665D /* H4X0RApp.swift in Sources */ = {isa = PBXBuildFile; fileRef = C82BB7AC28E410F500CE665D /* H4X0RApp.swift */; };
		C82BB7AF28E410F500CE665D /* ContentView.swift in Sources */ = {isa = PBXBuildFile; fileRef = C82BB7AE28E410F500CE665D /* ContentView.swift */; };
		C82BB7B128E410F600CE665D /* Assets.xcassets in Resources */ = {isa = PBXBuildFile; fileRef = C82BB7B028E410F600CE665D /* Assets.xcassets */; };
		C82BB7B428E410F600CE665D /* Preview Assets.xcassets in Resources */ = {isa = PBXBuildFile; fileRef = C82BB7B328E410F600CE665D /* Preview Assets.xcassets */; };
		C82BB7BC28E41AA200CE665D /* NetworkManager.swift in Sources */ = {isa = PBXBuildFile; fileRef = C82BB7BB28E41AA200CE665D /* NetworkManager.swift */; };
		C82BB7BE28E41DDE00CE665D /* PostData.swift in Sources */ = {isa = PBXBuildFile; fileRef = C82BB7BD28E41DDE00CE665D /* PostData.swift */; };
		C82BB7C328E433F100CE665D /* DetailView.swift in Sources */ = {isa = PBXBuildFile; fileRef = C82BB7C228E433F100CE665D /* DetailView.swift */; };
		C82BB7C628E4404F00CE665D /* WebView.swift in Sources */ = {isa = PBXBuildFile; fileRef = C82BB7C528E4404F00CE665D /* WebView.swift */; };
/* End PBXBuildFile section */

/* Begin PBXFileReference section */
		C82BB7A928E410F500CE665D /* H4X0R.app */ = {isa = PBXFileReference; explicitFileType = wrapper.application; includeInIndex = 0; path = H4X0R.app; sourceTree = BUILT_PRODUCTS_DIR; };
		C82BB7AC28E410F500CE665D /* H4X0RApp.swift */ = {isa = PBXFileReference; lastKnownFileType = sourcecode.swift; path = H4X0RApp.swift; sourceTree = "<group>"; };
		C82BB7AE28E410F500CE665D /* ContentView.swift */ = {isa = PBXFileReference; lastKnownFileType = sourcecode.swift; path = ContentView.swift; sourceTree = "<group>"; };
		C82BB7B028E410F600CE665D /* Assets.xcassets */ = {isa = PBXFileReference; lastKnownFileType = folder.assetcatalog; path = Assets.xcassets; sourceTree = "<group>"; };
		C82BB7B328E410F600CE665D /* Preview Assets.xcassets */ = {isa = PBXFileReference; lastKnownFileType = folder.assetcatalog; path = "Preview Assets.xcassets"; sourceTree = "<group>"; };
		C82BB7BB28E41AA200CE665D /* NetworkManager.swift */ = {isa = PBXFileReference; lastKnownFileType = sourcecode.swift; path = NetworkManager.swift; sourceTree = "<group>"; };
		C82BB7BD28E41DDE00CE665D /* PostData.swift */ = {isa = PBXFileReference; lastKnownFileType = sourcecode.swift; path = PostData.swift; sourceTree = "<group>"; };
		C82BB7C228E433F100CE665D /* DetailView.swift */ = {isa = PBXFileReference; lastKnownFileType = sourcecode.swift; path = DetailView.swift; sourceTree = "<group>"; };
		C82BB7C528E4404F00CE665D /* WebView.swift */ = {isa = PBXFileReference; lastKnownFileType = sourcecode.swift; path = WebView.swift; sourceTree = "<group>"; };
/* End PBXFileReference section */

/* Begin PBXFrameworksBuildPhase section */
		C82BB7A628E410F500CE665D /* Frameworks */ = {
			isa = PBXFrameworksBuildPhase;
			buildActionMask = 2147483647;
			files = (
			);
			runOnlyForDeploymentPostprocessing = 0;
		};
/* End PBXFrameworksBuildPhase section */

/* Begin PBXGroup section */
		C82BB7A028E410F500CE665D = {
			isa = PBXGroup;
			children = (
				C82BB7AB28E410F500CE665D /* H4X0R */,
				C82BB7AA28E410F500CE665D /* Products */,
			);
			sourceTree = "<group>";
		};
		C82BB7AA28E410F500CE665D /* Products */ = {
			isa = PBXGroup;
			children = (
				C82BB7A928E410F500CE665D /* H4X0R.app */,
			);
			name = Products;
			sourceTree = "<group>";
		};
		C82BB7AB28E410F500CE665D /* H4X0R */ = {
			isa = PBXGroup;
			children = (
				C82BB7BA28E41A9100CE665D /* Models */,
				C82BB7AC28E410F500CE665D /* H4X0RApp.swift */,
				C82BB7BF28E433AF00CE665D /* Views */,
				C82BB7B028E410F600CE665D /* Assets.xcassets */,
				C82BB7B228E410F600CE665D /* Preview Content */,
			);
			path = H4X0R;
			sourceTree = "<group>";
		};
		C82BB7B228E410F600CE665D /* Preview Content */ = {
			isa = PBXGroup;
			children = (
				C82BB7B328E410F600CE665D /* Preview Assets.xcassets */,
			);
			path = "Preview Content";
			sourceTree = "<group>";
		};
		C82BB7BA28E41A9100CE665D /* Models */ = {
			isa = PBXGroup;
			children = (
				C82BB7BB28E41AA200CE665D /* NetworkManager.swift */,
				C82BB7BD28E41DDE00CE665D /* PostData.swift */,
			);
			path = Models;
			sourceTree = "<group>";
		};
		C82BB7BF28E433AF00CE665D /* Views */ = {
			isa = PBXGroup;
			children = (
				C82BB7AE28E410F500CE665D /* ContentView.swift */,
				C82BB7C228E433F100CE665D /* DetailView.swift */,
				C82BB7C528E4404F00CE665D /* WebView.swift */,
			);
			path = Views;
			sourceTree = "<group>";
		};
/* End PBXGroup section */

/* Begin PBXNativeTarget section */
		C82BB7A828E410F500CE665D /* H4X0R */ = {
			isa = PBXNativeTarget;
			buildConfigurationList = C82BB7B728E410F600CE665D /* Build configuration list for PBXNativeTarget "H4X0R" */;
			buildPhases = (
				C82BB7A528E410F500CE665D /* Sources */,
				C82BB7A628E410F500CE665D /* Frameworks */,
				C82BB7A728E410F500CE665D /* Resources */,
			);
			buildRules = (
			);
			dependencies = (
			);
			name = H4X0R;
			productName = H4X0R;
			productReference = C82BB7A928E410F500CE665D /* H4X0R.app */;
			productType = "com.apple.product-type.application";
		};
/* End PBXNativeTarget section */

/* Begin PBXProject section */
		C82BB7A128E410F500CE665D /* Project object */ = {
			isa = PBXProject;
			attributes = {
				BuildIndependentTargetsInParallel = 1;
				LastSwiftUpdateCheck = 1400;
				LastUpgradeCheck = 1400;
				TargetAttributes = {
					C82BB7A828E410F500CE665D = {
						CreatedOnToolsVersion = 14.0;
					};
				};
			};
			buildConfigurationList = C82BB7A428E410F500CE665D /* Build configuration list for PBXProject "H4X0R" */;
			compatibilityVersion = "Xcode 14.0";
			developmentRegion = en;
			hasScannedForEncodings = 0;
			knownRegions = (
				en,
				Base,
			);
			mainGroup = C82BB7A028E410F500CE665D;
			productRefGroup = C82BB7AA28E410F500CE665D /* Products */;
			projectDirPath = "";
			projectRoot = "";
			targets = (
				C82BB7A828E410F500CE665D /* H4X0R */,
			);
		};
/* End PBXProject section */

/* Begin PBXResourcesBuildPhase section */
		C82BB7A728E410F500CE665D /* Resources */ = {
			isa = PBXResourcesBuildPhase;
			buildActionMask = 2147483647;
			files = (
				C82BB7B428E410F600CE665D /* Preview Assets.xcassets in Resources */,
				C82BB7B128E410F600CE665D /* Assets.xcassets in Resources */,
			);
			runOnlyForDeploymentPostprocessing = 0;
		};
/* End PBXResourcesBuildPhase section */

/* Begin PBXSourcesBuildPhase section */
		C82BB7A528E410F500CE665D /* Sources */ = {
			isa = PBXSourcesBuildPhase;
			buildActionMask = 2147483647;
			files = (
				C82BB7BC28E41AA200CE665D /* NetworkManager.swift in Sources */,
				C82BB7BE28E41DDE00CE665D /* PostData.swift in Sources */,
				C82BB7AF28E410F500CE665D /* ContentView.swift in Sources */,
				C82BB7C628E4404F00CE665D /* WebView.swift in Sources */,
				C82BB7C328E433F100CE665D /* DetailView.swift in Sources */,
				C82BB7AD28E410F500CE665D /* H4X0RApp.swift in Sources */,
			);
			runOnlyForDeploymentPostprocessing = 0;
		};
/* End PBXSourcesBuildPhase section */

/* Begin XCBuildConfiguration section */
		C82BB7B528E410F600CE665D /* Debug */ = {
			isa = XCBuildConfiguration;
			buildSettings = {
				ALWAYS_SEARCH_USER_PATHS = NO;
				CLANG_ANALYZER_NONNULL = YES;
				CLANG_ANALYZER_NUMBER_OBJECT_CONVERSION = YES_AGGRESSIVE;
				CLANG_CXX_LANGUAGE_STANDARD = "gnu++20";
				CLANG_ENABLE_MODULES = YES;
				CLANG_ENABLE_OBJC_ARC = YES;
				CLANG_ENABLE_OBJC_WEAK = YES;
				CLANG_WARN_BLOCK_CAPTURE_AUTORELEASING = YES;
				CLANG_WARN_BOOL_CONVERSION = YES;
				CLANG_WARN_COMMA = YES;
				CLANG_WARN_CONSTANT_CONVERSION = YES;
				CLANG_WARN_DEPRECATED_OBJC_IMPLEMENTATIONS = YES;
				CLANG_WARN_DIRECT_OBJC_ISA_USAGE = YES_ERROR;
				CLANG_WARN_DOCUMENTATION_COMMENTS = YES;
				CLANG_WARN_EMPTY_BODY = YES;
				CLANG_WARN_ENUM_CONVERSION = YES;
				CLANG_WARN_INFINITE_RECURSION = YES;
				CLANG_WARN_INT_CONVERSION = YES;
				CLANG_WARN_NON_LITERAL_NULL_CONVERSION = YES;
				CLANG_WARN_OBJC_IMPLICIT_RETAIN_SELF = YES;
				CLANG_WARN_OBJC_LITERAL_CONVERSION = YES;
				CLANG_WARN_OBJC_ROOT_CLASS = YES_ERROR;
				CLANG_WARN_QUOTED_INCLUDE_IN_FRAMEWORK_HEADER = YES;
				CLANG_WARN_RANGE_LOOP_ANALYSIS = YES;
				CLANG_WARN_STRICT_PROTOTYPES = YES;
				CLANG_WARN_SUSPICIOUS_MOVE = YES;
				CLANG_WARN_UNGUARDED_AVAILABILITY = YES_AGGRESSIVE;
				CLANG_WARN_UNREACHABLE_CODE = YES;
				CLANG_WARN__DUPLICATE_METHOD_MATCH = YES;
				COPY_PHASE_STRIP = NO;
				DEBUG_INFORMATION_FORMAT = dwarf;
				ENABLE_STRICT_OBJC_MSGSEND = YES;
				ENABLE_TESTABILITY = YES;
				GCC_C_LANGUAGE_STANDARD = gnu11;
				GCC_DYNAMIC_NO_PIC = NO;
				GCC_NO_COMMON_BLOCKS = YES;
				GCC_OPTIMIZATION_LEVEL = 0;
				GCC_PREPROCESSOR_DEFINITIONS = (
					"DEBUG=1",
					"$(inherited)",
				);
				GCC_WARN_64_TO_32_BIT_CONVERSION = YES;
				GCC_WARN_ABOUT_RETURN_TYPE = YES_ERROR;
				GCC_WARN_UNDECLARED_SELECTOR = YES;
				GCC_WARN_UNINITIALIZED_AUTOS = YES_AGGRESSIVE;
				GCC_WARN_UNUSED_FUNCTION = YES;
				GCC_WARN_UNUSED_VARIABLE = YES;
				IPHONEOS_DEPLOYMENT_TARGET = 16.0;
				MTL_ENABLE_DEBUG_INFO = INCLUDE_SOURCE;
				MTL_FAST_MATH = YES;
				ONLY_ACTIVE_ARCH = YES;
				SDKROOT = iphoneos;
				SWIFT_ACTIVE_COMPILATION_CONDITIONS = DEBUG;
				SWIFT_OPTIMIZATION_LEVEL = "-Onone";
			};
			name = Debug;
		};
		C82BB7B628E410F600CE665D /* Release */ = {
			isa = XCBuildConfiguration;
			buildSettings = {
				ALWAYS_SEARCH_USER_PATHS = NO;
				CLANG_ANALYZER_NONNULL = YES;
				CLANG_ANALYZER_NUMBER_OBJECT_CONVERSION = YES_AGGRESSIVE;
				CLANG_CXX_LANGUAGE_STANDARD = "gnu++20";
				CLANG_ENABLE_MODULES = YES;
				CLANG_ENABLE_OBJC_ARC = YES;
				CLANG_ENABLE_OBJC_WEAK = YES;
				CLANG_WARN_BLOCK_CAPTURE_AUTORELEASING = YES;
				CLANG_WARN_BOOL_CONVERSION = YES;
				CLANG_WARN_COMMA = YES;
				CLANG_WARN_CONSTANT_CONVERSION = YES;
				CLANG_WARN_DEPRECATED_OBJC_IMPLEMENTATIONS = YES;
				CLANG_WARN_DIRECT_OBJC_ISA_USAGE = YES_ERROR;
				CLANG_WARN_DOCUMENTATION_COMMENTS = YES;
				CLANG_WARN_EMPTY_BODY = YES;
				CLANG_WARN_ENUM_CONVERSION = YES;
				CLANG_WARN_INFINITE_RECURSION = YES;
				CLANG_WARN_INT_CONVERSION = YES;
				CLANG_WARN_NON_LITERAL_NULL_CONVERSION = YES;
				CLANG_WARN_OBJC_IMPLICIT_RETAIN_SELF = YES;
				CLANG_WARN_OBJC_LITERAL_CONVERSION = YES;
				CLANG_WARN_OBJC_ROOT_CLASS = YES_ERROR;
				CLANG_WARN_QUOTED_INCLUDE_IN_FRAMEWORK_HEADER = YES;
				CLANG_WARN_RANGE_LOOP_ANALYSIS = YES;
				CLANG_WARN_STRICT_PROTOTYPES = YES;
				CLANG_WARN_SUSPICIOUS_MOVE = YES;
				CLANG_WARN_UNGUARDED_AVAILABILITY = YES_AGGRESSIVE;
				CLANG_WARN_UNREACHABLE_CODE = YES;
				CLANG_WARN__DUPLICATE_METHOD_MATCH = YES;
				COPY_PHASE_STRIP = NO;
				DEBUG_INFORMATION_FORMAT = "dwarf-with-dsym";
				ENABLE_NS_ASSERTIONS = NO;
				ENABLE_STRICT_OBJC_MSGSEND = YES;
				GCC_C_LANGUAGE_STANDARD = gnu11;
				GCC_NO_COMMON_BLOCKS = YES;
				GCC_WARN_64_TO_32_BIT_CONVERSION = YES;
				GCC_WARN_ABOUT_RETURN_TYPE = YES_ERROR;
				GCC_WARN_UNDECLARED_SELECTOR = YES;
				GCC_WARN_UNINITIALIZED_AUTOS = YES_AGGRESSIVE;
				GCC_WARN_UNUSED_FUNCTION = YES;
				GCC_WARN_UNUSED_VARIABLE = YES;
				IPHONEOS_DEPLOYMENT_TARGET = 16.0;
				MTL_ENABLE_DEBUG_INFO = NO;
				MTL_FAST_MATH = YES;
				SDKROOT = iphoneos;
				SWIFT_COMPILATION_MODE = wholemodule;
				SWIFT_OPTIMIZATION_LEVEL = "-O";
				VALIDATE_PRODUCT = YES;
			};
			name = Release;
		};
		C82BB7B828E410F600CE665D /* Debug */ = {
			isa = XCBuildConfiguration;
			buildSettings = {
				ASSETCATALOG_COMPILER_APPICON_NAME = AppIcon;
				ASSETCATALOG_COMPILER_GLOBAL_ACCENT_COLOR_NAME = AccentColor;
				CODE_SIGN_STYLE = Automatic;
				CURRENT_PROJECT_VERSION = 1;
				DEVELOPMENT_ASSET_PATHS = "\"H4X0R/Preview Content\"";
				DEVELOPMENT_TEAM = C52UTF3KCV;
				ENABLE_PREVIEWS = YES;
				GENERATE_INFOPLIST_FILE = YES;
				INFOPLIST_KEY_UIApplicationSceneManifest_Generation = YES;
				INFOPLIST_KEY_UIApplicationSupportsIndirectInputEvents = YES;
				INFOPLIST_KEY_UILaunchScreen_Generation = YES;
				INFOPLIST_KEY_UISupportedInterfaceOrientations_iPad = "UIInterfaceOrientationPortrait UIInterfaceOrientationPortraitUpsideDown UIInterfaceOrientationLandscapeLeft UIInterfaceOrientationLandscapeRight";
				INFOPLIST_KEY_UISupportedInterfaceOrientations_iPhone = "UIInterfaceOrientationPortrait UIInterfaceOrientationLandscapeLeft UIInterfaceOrientationLandscapeRight";
				LD_RUNPATH_SEARCH_PATHS = (
					"$(inherited)",
					"@executable_path/Frameworks",
				);
				MARKETING_VERSION = 1.0;
				PRODUCT_BUNDLE_IDENTIFIER = com.jessicaKoh.H4X0R;
				PRODUCT_NAME = "$(TARGET_NAME)";
				SWIFT_EMIT_LOC_STRINGS = YES;
				SWIFT_VERSION = 5.0;
				TARGETED_DEVICE_FAMILY = "1,2";
			};
			name = Debug;
		};
		C82BB7B928E410F600CE665D /* Release */ = {
			isa = XCBuildConfiguration;
			buildSettings = {
				ASSETCATALOG_COMPILER_APPICON_NAME = AppIcon;
				ASSETCATALOG_COMPILER_GLOBAL_ACCENT_COLOR_NAME = AccentColor;
				CODE_SIGN_STYLE = Automatic;
				CURRENT_PROJECT_VERSION = 1;
				DEVELOPMENT_ASSET_PATHS = "\"H4X0R/Preview Content\"";
				DEVELOPMENT_TEAM = C52UTF3KCV;
				ENABLE_PREVIEWS = YES;
				GENERATE_INFOPLIST_FILE = YES;
				INFOPLIST_KEY_UIApplicationSceneManifest_Generation = YES;
				INFOPLIST_KEY_UIApplicationSupportsIndirectInputEvents = YES;
				INFOPLIST_KEY_UILaunchScreen_Generation = YES;
				INFOPLIST_KEY_UISupportedInterfaceOrientations_iPad = "UIInterfaceOrientationPortrait UIInterfaceOrientationPortraitUpsideDown UIInterfaceOrientationLandscapeLeft UIInterfaceOrientationLandscapeRight";
				INFOPLIST_KEY_UISupportedInterfaceOrientations_iPhone = "UIInterfaceOrientationPortrait UIInterfaceOrientationLandscapeLeft UIInterfaceOrientationLandscapeRight";
				LD_RUNPATH_SEARCH_PATHS = (
					"$(inherited)",
					"@executable_path/Frameworks",
				);
				MARKETING_VERSION = 1.0;
				PRODUCT_BUNDLE_IDENTIFIER = com.jessicaKoh.H4X0R;
				PRODUCT_NAME = "$(TARGET_NAME)";
				SWIFT_EMIT_LOC_STRINGS = YES;
				SWIFT_VERSION = 5.0;
				TARGETED_DEVICE_FAMILY = "1,2";
			};
			name = Release;
		};
/* End XCBuildConfiguration section */

/* Begin XCConfigurationList section */
		C82BB7A428E410F500CE665D /* Build configuration list for PBXProject "H4X0R" */ = {
			isa = XCConfigurationList;
			buildConfigurations = (
				C82BB7B528E410F600CE665D /* Debug */,
				C82BB7B628E410F600CE665D /* Release */,
			);
			defaultConfigurationIsVisible = 0;
			defaultConfigurationName = Release;
		};
		C82BB7B728E410F600CE665D /* Build configuration list for PBXNativeTarget "H4X0R" */ = {
			isa = XCConfigurationList;
			buildConfigurations = (
				C82BB7B828E410F600CE665D /* Debug */,
				C82BB7B928E410F600CE665D /* Release */,
			);
			defaultConfigurationIsVisible = 0;
			defaultConfigurationName = Release;
		};
/* End XCConfigurationList section */
	};
	rootObject = C82BB7A128E410F500CE665D /* Project object */;
}
